Microsoft Visual Studio Solution File, Format Version 11.00
# Visual Studio 2008

Project("{214AE4FB-2201-CF7A-D79D-1C3957A449C5}") = "EMP09VE", "Assembly-CSharp.csproj", "{DF4C7BA9-DABB-57C6-9EC1-F5A9B1C9247C}"
EndProject
Global
	GlobalSection(SolutionConfigurationPlatforms) = preSolution
		Debug|Any CPU = Debug|Any CPU
		Release|Any CPU = Release|Any CPU
	EndGlobalSection
	GlobalSection(ProjectConfigurationPlatforms) = postSolution
		{DF4C7BA9-DABB-57C6-9EC1-F5A9B1C9247C}.Debug|Any CPU.ActiveCfg = Debug|Any CPU
		{DF4C7BA9-DABB-57C6-9EC1-F5A9B1C9247C}.Debug|Any CPU.Build.0 = Debug|Any CPU
		{DF4C7BA9-DABB-57C6-9EC1-F5A9B1C9247C}.Release|Any CPU.ActiveCfg = Release|Any CPU
		{DF4C7BA9-DABB-57C6-9EC1-F5A9B1C9247C}.Release|Any CPU.Build.0 = Release|Any CPU
	EndGlobalSection
	GlobalSection(SolutionProperties) = preSolution
		HideSolutionNode = FALSE
	EndGlobalSection
	GlobalSection(MonoDevelopProperties) = preSolution
		StartupItem = Assembly-CSharp.csproj
	EndGlobalSection
EndGlobal
